
Microsoft Visual Studio Solution File, Format Version 12.00
# Visual Studio Version 16
VisualStudioVersion = 16.0.30406.217
MinimumVisualStudioVersion = 10.0.40219.1
Project("{FAE04EC0-301F-11D3-BF4B-00C04F79EFBC}") = "kahootify", "kahootify.csproj", "{C5BBCFA7-8603-4086-AA7F-967EB69143A4}"
EndProject
Global
	GlobalSection(SolutionConfigurationPlatforms) = preSolution
		Debug|Any CPU = Debug|Any CPU
		Release|Any CPU = Release|Any CPU
	EndGlobalSection
	GlobalSection(ProjectConfigurationPlatforms) = postSolution
		{C5BBCFA7-8603-4086-AA7F-967EB69143A4}.Debug|Any CPU.ActiveCfg = Debug|Any CPU
		{C5BBCFA7-8603-4086-AA7F-967EB69143A4}.Debug|Any CPU.Build.0 = Debug|Any CPU
		{C5BBCFA7-8603-4086-AA7F-967EB69143A4}.Release|Any CPU.ActiveCfg = Release|Any CPU
		{C5BBCFA7-8603-4086-AA7F-967EB69143A4}.Release|Any CPU.Build.0 = Release|Any CPU
	EndGlobalSection
	GlobalSection(SolutionProperties) = preSolution
		HideSolutionNode = FALSE
	EndGlobalSection
	GlobalSection(ExtensibilityGlobals) = postSolution
		SolutionGuid = {2EBF1BDC-58B4-41CC-9EA8-451BE7F0DECD}
	EndGlobalSection
EndGlobal
